
Microsoft Visual Studio Solution File, Format Version 12.00
# Visual Studio 15
VisualStudioVersion = 15.0.27004.2005
MinimumVisualStudioVersion = 10.0.40219.1
Project("{FAE04EC0-301F-11D3-BF4B-00C04F79EFBC}") = "HelpDeskBot", "HelpDeskBot\HelpDeskBot.csproj", "{44D81EDD-43F6-4E45-9540-68D22C4246BC}"
EndProject
Global
	GlobalSection(SolutionConfigurationPlatforms) = preSolution
		Debug|Any CPU = Debug|Any CPU
		Release|Any CPU = Release|Any CPU
	EndGlobalSection
	GlobalSection(ProjectConfigurationPlatforms) = postSolution
		{44D81EDD-43F6-4E45-9540-68D22C4246BC}.Debug|Any CPU.ActiveCfg = Debug|Any CPU
		{44D81EDD-43F6-4E45-9540-68D22C4246BC}.Debug|Any CPU.Build.0 = Debug|Any CPU
		{44D81EDD-43F6-4E45-9540-68D22C4246BC}.Release|Any CPU.ActiveCfg = Release|Any CPU
		{44D81EDD-43F6-4E45-9540-68D22C4246BC}.Release|Any CPU.Build.0 = Release|Any CPU
	EndGlobalSection
	GlobalSection(SolutionProperties) = preSolution
		HideSolutionNode = FALSE
	EndGlobalSection
	GlobalSection(ExtensibilityGlobals) = postSolution
		SolutionGuid = {0FFFEC12-7AC8-4E14-8386-2BB8E83C185E}
	EndGlobalSection
EndGlobal
